{
  "name": "resources",
  "lockfileVersion": 2,
  "requires": true,
  "packages": {
    "": {
      "dependencies": {
        "@fontsource/nunito-sans": "^5.0.8"
      }
    },
    "node_modules/@fontsource/nunito-sans": {
      "version": "5.0.8",
      "resolved": "https://registry.npmjs.org/@fontsource/nunito-sans/-/nunito-sans-5.0.8.tgz",
      "integrity": "sha512-LxUlZGwVHGe5w6RAeqAHV2VC4VdfG28FvfMN8Z8s3vY+DNP6U0hBT9rV/jry59oNK7/zIC6kaoqq61PGrP/EIw=="
    }
  },
  "dependencies": {
    "@fontsource/nunito-sans": {
      "version": "5.0.8",
      "resolved": "https://registry.npmjs.org/@fontsource/nunito-sans/-/nunito-sans-5.0.8.tgz",
      "integrity": "sha512-LxUlZGwVHGe5w6RAeqAHV2VC4VdfG28FvfMN8Z8s3vY+DNP6U0hBT9rV/jry59oNK7/zIC6kaoqq61PGrP/EIw=="
    }
  }
}
